# This file was autogenerated by Stack.
# You should not edit this file by hand.
# For more information, please see the documentation at:
#   https://docs.haskellstack.org/en/stable/topics/lock_files

packages:
- completed:
    hackage: language-javascript-0.7.0.0@sha256:3eab0262b8ac5621936a4beab6a0f97d0e00a63455a8b0e3ac1547b4088dae7d,3898
    pantry-tree:
      sha256: b0f28d836cb3fbde203fd7318a896c3a20acd8653a905e1950ae2d9a64bccebf
      size: 2244
  original:
    hackage: language-javascript-0.7.0.0
- completed:
    hackage: bower-json-1.1.0.0@sha256:a136aaca67bf0d15c336f5864f7e9d40ebe046ca2cb4b25bc4895617ea35f9f6,1864
    pantry-tree:
      sha256: 3acd48e7012f246ad44c7c17cd6340362b1dc448c1d93156280814e76d9e0589
      size: 419
  original:
    hackage: bower-json-1.1.0.0
- completed:
    hackage: haskeline-0.8.2.1@sha256:31d9b8234041ea3379d01d269df0d651fd96db4e5d2c74c642bd847a17f07f96,6287
    pantry-tree:
      sha256: 67a28823c657fb6920dc11986b2f26a4fe947e612a896cfee01070c42d39f3dd
      size: 2955
  original:
    hackage: haskeline-0.8.2.1
- completed:
    hackage: these-1.2.1@sha256:35c57aede96c15ea1fed559ac287b1168eb2b2869d79e62ed8c845780b7ea136,2294
    pantry-tree:
      sha256: dc6366ac715dfdf5338a615f71b9ed0542c403a6afcbedcddbc879e947aea6b3
      size: 351
  original:
    hackage: these-1.2.1
- completed:
    hackage: aeson-better-errors-0.9.1.2@sha256:900dec7555ca1098e51609af13502a4afc5d8c987beb83f752c03f6ff0276c05,2015
    pantry-tree:
      sha256: eef21e27f816d2a02f35986f2ee07eb7fcf03c0f041590fef96609f78a5dee3e
      size: 492
  original:
    hackage: aeson-better-errors-0.9.1.2
- completed:
    name: cheapskate
    pantry-tree:
      sha256: 8e446e334a25a9e1200abb5015d61c3f31bd589fa77ae6443bd64eb5f067bfe2
      size: 12002
    sha256: 378a4822bdf0697cbf004af9a337da36ee655bd1e0af72633f28741d8727aae3
    size: 60730
    url: https://github.com/MercuryTechnologies/cheapskate/archive/30ca0ccbac2f59bedf89a855627373931a7e3758.tar.gz
    version: 0.1.1.2
  original:
    url: https://github.com/MercuryTechnologies/cheapskate/archive/30ca0ccbac2f59bedf89a855627373931a7e3758.tar.gz
snapshots:
- completed:
    sha256: 08bd13ce621b41a8f5e51456b38d5b46d7783ce114a50ab604d6bbab0d002146
    size: 720271
    url: https://raw.githubusercontent.com/commercialhaskell/stackage-snapshots/master/lts/22/43.yaml
  original: lts-22.43
