# This file was autogenerated by Stack.
# You should not edit this file by hand.
# For more information, please see the documentation at:
#   https://docs.haskellstack.org/en/stable/topics/lock_files

packages:
- completed:
    hackage: language-javascript-0.7.0.0@sha256:3eab0262b8ac5621936a4beab6a0f97d0e00a63455a8b0e3ac1547b4088dae7d,3898
    pantry-tree:
      sha256: b0f28d836cb3fbde203fd7318a896c3a20acd8653a905e1950ae2d9a64bccebf
      size: 2244
  original:
    hackage: language-javascript-0.7.0.0
- completed:
    hackage: bower-json-1.1.0.0@sha256:a136aaca67bf0d15c336f5864f7e9d40ebe046ca2cb4b25bc4895617ea35f9f6,1864
    pantry-tree:
      sha256: 3acd48e7012f246ad44c7c17cd6340362b1dc448c1d93156280814e76d9e0589
      size: 419
  original:
    hackage: bower-json-1.1.0.0
- completed:
    hackage: haskeline-0.8.2@sha256:3b4b594095d64f5fa199b07bdca7d6b790313ed7f380a1b061845507e6563880,6005
    pantry-tree:
      sha256: 17ee6b093c5135399b8e6bc3a63d9c6a4b0bc2100b495d2d974bc1464769de39
      size: 2955
  original:
    hackage: haskeline-0.8.2
- completed:
    hackage: these-1.2.1@sha256:35c57aede96c15ea1fed559ac287b1168eb2b2869d79e62ed8c845780b7ea136,2294
    pantry-tree:
      sha256: dc6366ac715dfdf5338a615f71b9ed0542c403a6afcbedcddbc879e947aea6b3
      size: 351
  original:
    hackage: these-1.2.1
- completed:
    hackage: aeson-better-errors-0.9.1.3@sha256:1bfdda3982368cafc7317b9f0c1f7267a6b0bbac9515ae1fad37f2b19178f567,2071
    pantry-tree:
      sha256: 1c14247866dfb8052506c179e4725b8a7ce1472a4fb227d61576d862d9494551
      size: 492
  original:
    hackage: aeson-better-errors-0.9.1.3
- completed:
    name: cheapskate
    pantry-tree:
      sha256: a2253619f50d26f0137a802e51e5e7103ee52b1f71bc060d93a0979dcbefa2c8
      size: 12069
    sha256: 959fc7a6ca7e0a743b06b0c287aa4a1c3ec7fc740e5830a4a841d43e925a6d73
    size: 62502
    url: https://github.com/purescript/cheapskate/archive/8bfaf4beeb108e97a274ed51303f278905979e87.tar.gz
    version: 0.1.1.2
  original:
    url: https://github.com/purescript/cheapskate/archive/8bfaf4beeb108e97a274ed51303f278905979e87.tar.gz
snapshots:
- completed:
    sha256: 08bd13ce621b41a8f5e51456b38d5b46d7783ce114a50ab604d6bbab0d002146
    size: 720271
    url: https://raw.githubusercontent.com/commercialhaskell/stackage-snapshots/master/lts/22/43.yaml
  original: lts-22.43
