# This file was autogenerated by Stack.
# You should not edit this file by hand.
# For more information, please see the documentation at:
#   https://docs.haskellstack.org/en/stable/topics/lock_files

packages:
- completed:
    hackage: language-javascript-0.7.0.0@sha256:3eab0262b8ac5621936a4beab6a0f97d0e00a63455a8b0e3ac1547b4088dae7d,3898
    pantry-tree:
      sha256: b0f28d836cb3fbde203fd7318a896c3a20acd8653a905e1950ae2d9a64bccebf
      size: 2244
  original:
    hackage: language-javascript-0.7.0.0
- completed:
    hackage: process-1.6.13.1@sha256:c8bb8b7c993ff72d771381b3b56852dd154bce51880a24789c11f57b0688d353,2963
    pantry-tree:
      sha256: 58117b15fa330c79b3bca6b29c65f815e45840f79cc0915d3434f25e54ac8fa5
      size: 1543
  original:
    hackage: process-1.6.13.1
- completed:
    hackage: Cabal-3.6.3.0@sha256:ff97c442b0c679c1c9876acd15f73ac4f602b973c45bde42b43ec28265ee48f4,12459
    pantry-tree:
      sha256: b250a53bdb56844f047a2927833bb565b936a289abfa85dfc2a63148d776368a
      size: 19757
  original:
    hackage: Cabal-3.6.3.0
- completed:
    hackage: hspec-2.10.9@sha256:6000b21e29175be7cf6625399603772650abd3d9c47e722faa930dd5e9836bba,1714
    pantry-tree:
      sha256: 9771ad23bc54e3339706842b3e00890d722dcd66559eed4dcd253f526141c55b
      size: 583
  original:
    hackage: hspec-2.10.9
- completed:
    hackage: hspec-core-2.10.9@sha256:9ea6963951a17087c5be676d0730d130cef0bd2f12b9bc445e322f6e1778ce12,6730
    pantry-tree:
      sha256: 633792b19fb0890bdc246a28ca04d55b6888b065b14e2417fc6745ec9df711ff
      size: 6070
  original:
    hackage: hspec-core-2.10.9
- completed:
    hackage: hspec-discover-2.10.9@sha256:e54f978b1bcb3d0fd3a78eccf360b0731184290a1387d431531217db68f55fc4,2169
    pantry-tree:
      sha256: 2650803ddd66d6032ab03a4871a8879feb5787c7e49db43463743f7c06df3a58
      size: 828
  original:
    hackage: hspec-discover-2.10.9
- completed:
    hackage: bower-json-1.1.0.0@sha256:a136aaca67bf0d15c336f5864f7e9d40ebe046ca2cb4b25bc4895617ea35f9f6,1864
    pantry-tree:
      sha256: 3acd48e7012f246ad44c7c17cd6340362b1dc448c1d93156280814e76d9e0589
      size: 419
  original:
    hackage: bower-json-1.1.0.0
- completed:
    hackage: haskeline-0.8.2@sha256:3b4b594095d64f5fa199b07bdca7d6b790313ed7f380a1b061845507e6563880,6005
    pantry-tree:
      sha256: 17ee6b093c5135399b8e6bc3a63d9c6a4b0bc2100b495d2d974bc1464769de39
      size: 2955
  original:
    hackage: haskeline-0.8.2
- completed:
    hackage: these-1.2.1@sha256:35c57aede96c15ea1fed559ac287b1168eb2b2869d79e62ed8c845780b7ea136,2294
    pantry-tree:
      sha256: dc6366ac715dfdf5338a615f71b9ed0542c403a6afcbedcddbc879e947aea6b3
      size: 351
  original:
    hackage: these-1.2.1
- completed:
    name: aeson-better-errors
    pantry-tree:
      sha256: 0e3b85926e5bb2c6e06c52f79908c24224325aff6734ff49186f5613f2bbb765
      size: 590
    sha256: bd19b66a27d6de0a2ec63ddad79049906e6a089b836c1591df9f0e6da2fe0bf8
    size: 8822
    url: https://github.com/Vekhir/aeson-better-errors/archive/1ec49ab7d1472046b680b5a64ae2930515b47714.tar.gz
    version: 0.9.1.1
  original:
    url: https://github.com/Vekhir/aeson-better-errors/archive/1ec49ab7d1472046b680b5a64ae2930515b47714.tar.gz
- completed:
    name: cheapskate
    pantry-tree:
      sha256: 8e446e334a25a9e1200abb5015d61c3f31bd589fa77ae6443bd64eb5f067bfe2
      size: 12002
    sha256: 378a4822bdf0697cbf004af9a337da36ee655bd1e0af72633f28741d8727aae3
    size: 60730
    url: https://github.com/MercuryTechnologies/cheapskate/archive/30ca0ccbac2f59bedf89a855627373931a7e3758.tar.gz
    version: 0.1.1.2
  original:
    url: https://github.com/MercuryTechnologies/cheapskate/archive/30ca0ccbac2f59bedf89a855627373931a7e3758.tar.gz
- completed:
    name: pattern-arrows
    pantry-tree:
      sha256: 7d51af4146abac54e420de9d078ab411538a23f6e3a9ece33ce269bfb05febfc
      size: 324
    sha256: 1f1b7c38622f65bddd7e49079abcf176ab68e3aca626e02b22078b125d54e70a
    size: 2711
    url: https://github.com/GuillaumedeVolpiano/pattern-arrows/archive/785512b896b0c20c576cbbd099f705798117801c.tar.gz
    version: 0.0.1
  original:
    url: https://github.com/GuillaumedeVolpiano/pattern-arrows/archive/785512b896b0c20c576cbbd099f705798117801c.tar.gz
snapshots:
- completed:
    sha256: 08bd13ce621b41a8f5e51456b38d5b46d7783ce114a50ab604d6bbab0d002146
    size: 720271
    url: https://raw.githubusercontent.com/commercialhaskell/stackage-snapshots/master/lts/22/43.yaml
  original: lts-22.43
